// !$*UTF8*$!
{
	archiveVersion = 1;
	classes = {
	};
	objectVersion = 56;
	objects = {

/* Begin PBXBuildFile section */
		1A3A1E742A566F44000B89AE /* ChatApp.swift in Sources */ = {isa = PBXBuildFile; fileRef = 1A3A1E732A566F44000B89AE /* ChatApp.swift */; };
		1A3A1E762A566F44000B89AE /* ContentView.swift in Sources */ = {isa = PBXBuildFile; fileRef = 1A3A1E752A566F44000B89AE /* ContentView.swift */; };
		1A3A1E782A566F48000B89AE /* Assets.xcassets in Resources */ = {isa = PBXBuildFile; fileRef = 1A3A1E772A566F48000B89AE /* Assets.xcassets */; };
		1A3A1E7B2A566F48000B89AE /* Preview Assets.xcassets in Resources */ = {isa = PBXBuildFile; fileRef = 1A3A1E7A2A566F48000B89AE /* Preview Assets.xcassets */; };
		1A3A1E872A567342000B89AE /* BotResponses.swift in Sources */ = {isa = PBXBuildFile; fileRef = 1A3A1E862A567342000B89AE /* BotResponses.swift */; };
		1A3A1E8B2A5697F2000B89AE /* ComposerView.swift in Sources */ = {isa = PBXBuildFile; fileRef = 1A3A1E8A2A5697F2000B89AE /* ComposerView.swift */; };
		1A3A1E8D2A569A6B000B89AE /* BubbleView.swift in Sources */ = {isa = PBXBuildFile; fileRef = 1A3A1E8C2A569A6A000B89AE /* BubbleView.swift */; };
		1A3A1E8F2A569BB3000B89AE /* HeaderView.swift in Sources */ = {isa = PBXBuildFile; fileRef = 1A3A1E8E2A569BB3000B89AE /* HeaderView.swift */; };
		1A3A1E912A569C12000B89AE /* ChatView.swift in Sources */ = {isa = PBXBuildFile; fileRef = 1A3A1E902A569C12000B89AE /* ChatView.swift */; };
		1A3A1E962A56A030000B89AE /* chatbotAnimation.json in Resources */ = {isa = PBXBuildFile; fileRef = 1A3A1E952A56A030000B89AE /* chatbotAnimation.json */; };
		1A3A1E9A2A56A2A0000B89AE /* LottieView.swift in Sources */ = {isa = PBXBuildFile; fileRef = 1A3A1E992A56A2A0000B89AE /* LottieView.swift */; };
		1A3A1E9E2A56A64D000B89AE /* SendMessageWorker.swift in Sources */ = {isa = PBXBuildFile; fileRef = 1A3A1E9D2A56A64D000B89AE /* SendMessageWorker.swift */; };
		1A3A1EA32A57B02E000B89AE /* ColorExtension.swift in Sources */ = {isa = PBXBuildFile; fileRef = 1A3A1EA22A57B02E000B89AE /* ColorExtension.swift */; };
		1A3A1EA52A57B15F000B89AE /* RoundView.swift in Sources */ = {isa = PBXBuildFile; fileRef = 1A3A1EA42A57B15F000B89AE /* RoundView.swift */; };
		1A3A1EA72A57BB13000B89AE /* Message.swift in Sources */ = {isa = PBXBuildFile; fileRef = 1A3A1EA62A57BB13000B89AE /* Message.swift */; };
		1A3A1EA92A57EA41000B89AE /* General.swift in Sources */ = {isa = PBXBuildFile; fileRef = 1A3A1EA82A57EA41000B89AE /* General.swift */; };
		1A3A1EAB2A57F624000B89AE /* newBot.json in Resources */ = {isa = PBXBuildFile; fileRef = 1A3A1EAA2A57F624000B89AE /* newBot.json */; };
		1A3A1EAD2A57FF28000B89AE /* AudioVisualizer.swift in Sources */ = {isa = PBXBuildFile; fileRef = 1A3A1EAC2A57FF28000B89AE /* AudioVisualizer.swift */; };
		1AFE73242A5BD7B3007BEC55 /* SpeechManager.swift in Sources */ = {isa = PBXBuildFile; fileRef = 1AFE73232A5BD7B3007BEC55 /* SpeechManager.swift */; };
		1AFE73262A5BD80D007BEC55 /* MicManager.swift in Sources */ = {isa = PBXBuildFile; fileRef = 1AFE73252A5BD80D007BEC55 /* MicManager.swift */; };
		1AFE73282A5BD81A007BEC55 /* VisualBarView.swift in Sources */ = {isa = PBXBuildFile; fileRef = 1AFE73272A5BD81A007BEC55 /* VisualBarView.swift */; };
		1AFE732A2A5BD8EA007BEC55 /* SpeechView.swift in Sources */ = {isa = PBXBuildFile; fileRef = 1AFE73292A5BD8EA007BEC55 /* SpeechView.swift */; };
		1AFE73332A5BDE9D007BEC55 /* Lottie in Frameworks */ = {isa = PBXBuildFile; productRef = 1AFE73322A5BDE9D007BEC55 /* Lottie */; };
/* End PBXBuildFile section */

/* Begin PBXFileReference section */
		1A3A1E702A566F44000B89AE /* Chat.app */ = {isa = PBXFileReference; explicitFileType = wrapper.application; includeInIndex = 0; path = Chat.app; sourceTree = BUILT_PRODUCTS_DIR; };
		1A3A1E732A566F44000B89AE /* ChatApp.swift */ = {isa = PBXFileReference; lastKnownFileType = sourcecode.swift; path = ChatApp.swift; sourceTree = "<group>"; };
		1A3A1E752A566F44000B89AE /* ContentView.swift */ = {isa = PBXFileReference; lastKnownFileType = sourcecode.swift; path = ContentView.swift; sourceTree = "<group>"; };
		1A3A1E772A566F48000B89AE /* Assets.xcassets */ = {isa = PBXFileReference; lastKnownFileType = folder.assetcatalog; path = Assets.xcassets; sourceTree = "<group>"; };
		1A3A1E7A2A566F48000B89AE /* Preview Assets.xcassets */ = {isa = PBXFileReference; lastKnownFileType = folder.assetcatalog; path = "Preview Assets.xcassets"; sourceTree = "<group>"; };
		1A3A1E862A567342000B89AE /* BotResponses.swift */ = {isa = PBXFileReference; lastKnownFileType = sourcecode.swift; path = BotResponses.swift; sourceTree = "<group>"; };
		1A3A1E8A2A5697F2000B89AE /* ComposerView.swift */ = {isa = PBXFileReference; lastKnownFileType = sourcecode.swift; path = ComposerView.swift; sourceTree = "<group>"; };
		1A3A1E8C2A569A6A000B89AE /* BubbleView.swift */ = {isa = PBXFileReference; lastKnownFileType = sourcecode.swift; path = BubbleView.swift; sourceTree = "<group>"; };
		1A3A1E8E2A569BB3000B89AE /* HeaderView.swift */ = {isa = PBXFileReference; lastKnownFileType = sourcecode.swift; path = HeaderView.swift; sourceTree = "<group>"; };
		1A3A1E902A569C12000B89AE /* ChatView.swift */ = {isa = PBXFileReference; lastKnownFileType = sourcecode.swift; path = ChatView.swift; sourceTree = "<group>"; };
		1A3A1E952A56A030000B89AE /* chatbotAnimation.json */ = {isa = PBXFileReference; fileEncoding = 4; lastKnownFileType = text.json; path = chatbotAnimation.json; sourceTree = "<group>"; };
		1A3A1E992A56A2A0000B89AE /* LottieView.swift */ = {isa = PBXFileReference; fileEncoding = 4; lastKnownFileType = sourcecode.swift; path = LottieView.swift; sourceTree = "<group>"; };
		1A3A1E9D2A56A64D000B89AE /* SendMessageWorker.swift */ = {isa = PBXFileReference; lastKnownFileType = sourcecode.swift; path = SendMessageWorker.swift; sourceTree = "<group>"; };
		1A3A1EA22A57B02E000B89AE /* ColorExtension.swift */ = {isa = PBXFileReference; lastKnownFileType = sourcecode.swift; path = ColorExtension.swift; sourceTree = "<group>"; };
		1A3A1EA42A57B15F000B89AE /* RoundView.swift */ = {isa = PBXFileReference; lastKnownFileType = sourcecode.swift; path = RoundView.swift; sourceTree = "<group>"; };
		1A3A1EA62A57BB13000B89AE /* Message.swift */ = {isa = PBXFileReference; lastKnownFileType = sourcecode.swift; path = Message.swift; sourceTree = "<group>"; };
		1A3A1EA82A57EA41000B89AE /* General.swift */ = {isa = PBXFileReference; lastKnownFileType = sourcecode.swift; path = General.swift; sourceTree = "<group>"; };
		1A3A1EAA2A57F624000B89AE /* newBot.json */ = {isa = PBXFileReference; fileEncoding = 4; lastKnownFileType = text.json; path = newBot.json; sourceTree = "<group>"; };
		1A3A1EAC2A57FF28000B89AE /* AudioVisualizer.swift */ = {isa = PBXFileReference; lastKnownFileType = sourcecode.swift; path = AudioVisualizer.swift; sourceTree = "<group>"; };
		1AFE73232A5BD7B3007BEC55 /* SpeechManager.swift */ = {isa = PBXFileReference; lastKnownFileType = sourcecode.swift; path = SpeechManager.swift; sourceTree = "<group>"; };
		1AFE73252A5BD80D007BEC55 /* MicManager.swift */ = {isa = PBXFileReference; lastKnownFileType = sourcecode.swift; path = MicManager.swift; sourceTree = "<group>"; };
		1AFE73272A5BD81A007BEC55 /* VisualBarView.swift */ = {isa = PBXFileReference; lastKnownFileType = sourcecode.swift; path = VisualBarView.swift; sourceTree = "<group>"; };
		1AFE73292A5BD8EA007BEC55 /* SpeechView.swift */ = {isa = PBXFileReference; lastKnownFileType = sourcecode.swift; path = SpeechView.swift; sourceTree = "<group>"; };
		1AFE732F2A5BDE22007BEC55 /* Info.plist */ = {isa = PBXFileReference; lastKnownFileType = text.plist.xml; path = Info.plist; sourceTree = "<group>"; };
/* End PBXFileReference section */

/* Begin PBXFrameworksBuildPhase section */
		1A3A1E6D2A566F44000B89AE /* Frameworks */ = {
			isa = PBXFrameworksBuildPhase;
			buildActionMask = 2147483647;
			files = (
				1AFE73332A5BDE9D007BEC55 /* Lottie in Frameworks */,
			);
			runOnlyForDeploymentPostprocessing = 0;
		};
/* End PBXFrameworksBuildPhase section */

/* Begin PBXGroup section */
		1A3A1E672A566F44000B89AE = {
			isa = PBXGroup;
			children = (
				1A3A1E722A566F44000B89AE /* Chat */,
				1A3A1E712A566F44000B89AE /* Products */,
			);
			sourceTree = "<group>";
		};
		1A3A1E712A566F44000B89AE /* Products */ = {
			isa = PBXGroup;
			children = (
				1A3A1E702A566F44000B89AE /* Chat.app */,
			);
			name = Products;
			sourceTree = "<group>";
		};
		1A3A1E722A566F44000B89AE /* Chat */ = {
			isa = PBXGroup;
			children = (
				1A3A1E9F2A57AF3C000B89AE /* Assets */,
				1A3A1EA12A57AF62000B89AE /* Chat */,
				1A3A1EA02A57AF49000B89AE /* Common */,
				1A3A1E792A566F48000B89AE /* Preview Content */,
				1AFE73222A5BD797007BEC55 /* SpeechToText */,
				1AFE732F2A5BDE22007BEC55 /* Info.plist */,
				1A3A1E862A567342000B89AE /* BotResponses.swift */,
				1A3A1E732A566F44000B89AE /* ChatApp.swift */,
				1A3A1E752A566F44000B89AE /* ContentView.swift */,
				1A3A1E9D2A56A64D000B89AE /* SendMessageWorker.swift */,
			);
			path = Chat;
			sourceTree = "<group>";
		};
		1A3A1E792A566F48000B89AE /* Preview Content */ = {
			isa = PBXGroup;
			children = (
				1A3A1E7A2A566F48000B89AE /* Preview Assets.xcassets */,
			);
			path = "Preview Content";
			sourceTree = "<group>";
		};
		1A3A1E9F2A57AF3C000B89AE /* Assets */ = {
			isa = PBXGroup;
			children = (
				1A3A1E772A566F48000B89AE /* Assets.xcassets */,
				1A3A1E952A56A030000B89AE /* chatbotAnimation.json */,
				1A3A1EAA2A57F624000B89AE /* newBot.json */,
			);
			path = Assets;
			sourceTree = "<group>";
		};
		1A3A1EA02A57AF49000B89AE /* Common */ = {
			isa = PBXGroup;
			children = (
				1A3A1EAC2A57FF28000B89AE /* AudioVisualizer.swift */,
				1A3A1EA22A57B02E000B89AE /* ColorExtension.swift */,
				1A3A1EA82A57EA41000B89AE /* General.swift */,
				1A3A1E992A56A2A0000B89AE /* LottieView.swift */,
				1A3A1EA42A57B15F000B89AE /* RoundView.swift */,
			);
			path = Common;
			sourceTree = "<group>";
		};
		1A3A1EA12A57AF62000B89AE /* Chat */ = {
			isa = PBXGroup;
			children = (
				1A3A1E8C2A569A6A000B89AE /* BubbleView.swift */,
				1A3A1E902A569C12000B89AE /* ChatView.swift */,
				1A3A1E8A2A5697F2000B89AE /* ComposerView.swift */,
				1A3A1E8E2A569BB3000B89AE /* HeaderView.swift */,
				1A3A1EA62A57BB13000B89AE /* Message.swift */,
			);
			path = Chat;
			sourceTree = "<group>";
		};
		1AFE73222A5BD797007BEC55 /* SpeechToText */ = {
			isa = PBXGroup;
			children = (
				1AFE73252A5BD80D007BEC55 /* MicManager.swift */,
				1AFE73232A5BD7B3007BEC55 /* SpeechManager.swift */,
				1AFE73292A5BD8EA007BEC55 /* SpeechView.swift */,
				1AFE73272A5BD81A007BEC55 /* VisualBarView.swift */,
			);
			path = SpeechToText;
			sourceTree = "<group>";
		};
/* End PBXGroup section */

/* Begin PBXNativeTarget section */
		1A3A1E6F2A566F44000B89AE /* Chat */ = {
			isa = PBXNativeTarget;
			buildConfigurationList = 1A3A1E832A566F48000B89AE /* Build configuration list for PBXNativeTarget "Chat" */;
			buildPhases = (
				1A3A1E6C2A566F44000B89AE /* Sources */,
				1A3A1E6D2A566F44000B89AE /* Frameworks */,
				1A3A1E6E2A566F44000B89AE /* Resources */,
			);
			buildRules = (
			);
			dependencies = (
			);
			name = Chat;
			packageProductDependencies = (
				1AFE73322A5BDE9D007BEC55 /* Lottie */,
			);
			productName = Chat;
			productReference = 1A3A1E702A566F44000B89AE /* Chat.app */;
			productType = "com.apple.product-type.application";
		};
/* End PBXNativeTarget section */

/* Begin PBXProject section */
		1A3A1E682A566F44000B89AE /* Project object */ = {
			isa = PBXProject;
			attributes = {
				BuildIndependentTargetsInParallel = 1;
				LastSwiftUpdateCheck = 1420;
				LastUpgradeCheck = 1420;
				TargetAttributes = {
					1A3A1E6F2A566F44000B89AE = {
						CreatedOnToolsVersion = 14.2;
					};
				};
			};
			buildConfigurationList = 1A3A1E6B2A566F44000B89AE /* Build configuration list for PBXProject "Chat" */;
			compatibilityVersion = "Xcode 14.0";
			developmentRegion = en;
			hasScannedForEncodings = 0;
			knownRegions = (
				en,
				Base,
			);
			mainGroup = 1A3A1E672A566F44000B89AE;
			packageReferences = (
				1AFE73312A5BDE9D007BEC55 /* XCRemoteSwiftPackageReference "lottie-ios" */,
			);
			productRefGroup = 1A3A1E712A566F44000B89AE /* Products */;
			projectDirPath = "";
			projectRoot = "";
			targets = (
				1A3A1E6F2A566F44000B89AE /* Chat */,
			);
		};
/* End PBXProject section */

/* Begin PBXResourcesBuildPhase section */
		1A3A1E6E2A566F44000B89AE /* Resources */ = {
			isa = PBXResourcesBuildPhase;
			buildActionMask = 2147483647;
			files = (
				1A3A1E962A56A030000B89AE /* chatbotAnimation.json in Resources */,
				1A3A1E7B2A566F48000B89AE /* Preview Assets.xcassets in Resources */,
				1A3A1EAB2A57F624000B89AE /* newBot.json in Resources */,
				1A3A1E782A566F48000B89AE /* Assets.xcassets in Resources */,
			);
			runOnlyForDeploymentPostprocessing = 0;
		};
/* End PBXResourcesBuildPhase section */

/* Begin PBXSourcesBuildPhase section */
		1A3A1E6C2A566F44000B89AE /* Sources */ = {
			isa = PBXSourcesBuildPhase;
			buildActionMask = 2147483647;
			files = (
				1A3A1EAD2A57FF28000B89AE /* AudioVisualizer.swift in Sources */,
				1AFE73242A5BD7B3007BEC55 /* SpeechManager.swift in Sources */,
				1A3A1E8D2A569A6B000B89AE /* BubbleView.swift in Sources */,
				1AFE73282A5BD81A007BEC55 /* VisualBarView.swift in Sources */,
				1A3A1EA52A57B15F000B89AE /* RoundView.swift in Sources */,
				1A3A1E8B2A5697F2000B89AE /* ComposerView.swift in Sources */,
				1A3A1E912A569C12000B89AE /* ChatView.swift in Sources */,
				1A3A1E762A566F44000B89AE /* ContentView.swift in Sources */,
				1A3A1E872A567342000B89AE /* BotResponses.swift in Sources */,
				1A3A1E742A566F44000B89AE /* ChatApp.swift in Sources */,
				1A3A1E8F2A569BB3000B89AE /* HeaderView.swift in Sources */,
				1A3A1EA92A57EA41000B89AE /* General.swift in Sources */,
				1A3A1E9A2A56A2A0000B89AE /* LottieView.swift in Sources */,
				1A3A1EA72A57BB13000B89AE /* Message.swift in Sources */,
				1A3A1E9E2A56A64D000B89AE /* SendMessageWorker.swift in Sources */,
				1A3A1EA32A57B02E000B89AE /* ColorExtension.swift in Sources */,
				1AFE732A2A5BD8EA007BEC55 /* SpeechView.swift in Sources */,
				1AFE73262A5BD80D007BEC55 /* MicManager.swift in Sources */,
			);
			runOnlyForDeploymentPostprocessing = 0;
		};
/* End PBXSourcesBuildPhase section */

/* Begin XCBuildConfiguration section */
		1A3A1E812A566F48000B89AE /* Debug */ = {
			isa = XCBuildConfiguration;
			buildSettings = {
				ALWAYS_SEARCH_USER_PATHS = NO;
				CLANG_ANALYZER_NONNULL = YES;
				CLANG_ANALYZER_NUMBER_OBJECT_CONVERSION = YES_AGGRESSIVE;
				CLANG_CXX_LANGUAGE_STANDARD = "gnu++20";
				CLANG_ENABLE_MODULES = YES;
				CLANG_ENABLE_OBJC_ARC = YES;
				CLANG_ENABLE_OBJC_WEAK = YES;
				CLANG_WARN_BLOCK_CAPTURE_AUTORELEASING = YES;
				CLANG_WARN_BOOL_CONVERSION = YES;
				CLANG_WARN_COMMA = YES;
				CLANG_WARN_CONSTANT_CONVERSION = YES;
				CLANG_WARN_DEPRECATED_OBJC_IMPLEMENTATIONS = YES;
				CLANG_WARN_DIRECT_OBJC_ISA_USAGE = YES_ERROR;
				CLANG_WARN_DOCUMENTATION_COMMENTS = YES;
				CLANG_WARN_EMPTY_BODY = YES;
				CLANG_WARN_ENUM_CONVERSION = YES;
				CLANG_WARN_INFINITE_RECURSION = YES;
				CLANG_WARN_INT_CONVERSION = YES;
				CLANG_WARN_NON_LITERAL_NULL_CONVERSION = YES;
				CLANG_WARN_OBJC_IMPLICIT_RETAIN_SELF = YES;
				CLANG_WARN_OBJC_LITERAL_CONVERSION = YES;
				CLANG_WARN_OBJC_ROOT_CLASS = YES_ERROR;
				CLANG_WARN_QUOTED_INCLUDE_IN_FRAMEWORK_HEADER = YES;
				CLANG_WARN_RANGE_LOOP_ANALYSIS = YES;
				CLANG_WARN_STRICT_PROTOTYPES = YES;
				CLANG_WARN_SUSPICIOUS_MOVE = YES;
				CLANG_WARN_UNGUARDED_AVAILABILITY = YES_AGGRESSIVE;
				CLANG_WARN_UNREACHABLE_CODE = YES;
				CLANG_WARN__DUPLICATE_METHOD_MATCH = YES;
				COPY_PHASE_STRIP = NO;
				DEBUG_INFORMATION_FORMAT = dwarf;
				ENABLE_STRICT_OBJC_MSGSEND = YES;
				ENABLE_TESTABILITY = YES;
				GCC_C_LANGUAGE_STANDARD = gnu11;
				GCC_DYNAMIC_NO_PIC = NO;
				GCC_NO_COMMON_BLOCKS = YES;
				GCC_OPTIMIZATION_LEVEL = 0;
				GCC_PREPROCESSOR_DEFINITIONS = (
					"DEBUG=1",
					"$(inherited)",
				);
				GCC_WARN_64_TO_32_BIT_CONVERSION = YES;
				GCC_WARN_ABOUT_RETURN_TYPE = YES_ERROR;
				GCC_WARN_UNDECLARED_SELECTOR = YES;
				GCC_WARN_UNINITIALIZED_AUTOS = YES_AGGRESSIVE;
				GCC_WARN_UNUSED_FUNCTION = YES;
				GCC_WARN_UNUSED_VARIABLE = YES;
				IPHONEOS_DEPLOYMENT_TARGET = 16.2;
				MTL_ENABLE_DEBUG_INFO = INCLUDE_SOURCE;
				MTL_FAST_MATH = YES;
				ONLY_ACTIVE_ARCH = YES;
				SDKROOT = iphoneos;
				SWIFT_ACTIVE_COMPILATION_CONDITIONS = DEBUG;
				SWIFT_OPTIMIZATION_LEVEL = "-Onone";
			};
			name = Debug;
		};
		1A3A1E822A566F48000B89AE /* Release */ = {
			isa = XCBuildConfiguration;
			buildSettings = {
				ALWAYS_SEARCH_USER_PATHS = NO;
				CLANG_ANALYZER_NONNULL = YES;
				CLANG_ANALYZER_NUMBER_OBJECT_CONVERSION = YES_AGGRESSIVE;
				CLANG_CXX_LANGUAGE_STANDARD = "gnu++20";
				CLANG_ENABLE_MODULES = YES;
				CLANG_ENABLE_OBJC_ARC = YES;
				CLANG_ENABLE_OBJC_WEAK = YES;
				CLANG_WARN_BLOCK_CAPTURE_AUTORELEASING = YES;
				CLANG_WARN_BOOL_CONVERSION = YES;
				CLANG_WARN_COMMA = YES;
				CLANG_WARN_CONSTANT_CONVERSION = YES;
				CLANG_WARN_DEPRECATED_OBJC_IMPLEMENTATIONS = YES;
				CLANG_WARN_DIRECT_OBJC_ISA_USAGE = YES_ERROR;
				CLANG_WARN_DOCUMENTATION_COMMENTS = YES;
				CLANG_WARN_EMPTY_BODY = YES;
				CLANG_WARN_ENUM_CONVERSION = YES;
				CLANG_WARN_INFINITE_RECURSION = YES;
				CLANG_WARN_INT_CONVERSION = YES;
				CLANG_WARN_NON_LITERAL_NULL_CONVERSION = YES;
				CLANG_WARN_OBJC_IMPLICIT_RETAIN_SELF = YES;
				CLANG_WARN_OBJC_LITERAL_CONVERSION = YES;
				CLANG_WARN_OBJC_ROOT_CLASS = YES_ERROR;
				CLANG_WARN_QUOTED_INCLUDE_IN_FRAMEWORK_HEADER = YES;
				CLANG_WARN_RANGE_LOOP_ANALYSIS = YES;
				CLANG_WARN_STRICT_PROTOTYPES = YES;
				CLANG_WARN_SUSPICIOUS_MOVE = YES;
				CLANG_WARN_UNGUARDED_AVAILABILITY = YES_AGGRESSIVE;
				CLANG_WARN_UNREACHABLE_CODE = YES;
				CLANG_WARN__DUPLICATE_METHOD_MATCH = YES;
				COPY_PHASE_STRIP = NO;
				DEBUG_INFORMATION_FORMAT = "dwarf-with-dsym";
				ENABLE_NS_ASSERTIONS = NO;
				ENABLE_STRICT_OBJC_MSGSEND = YES;
				GCC_C_LANGUAGE_STANDARD = gnu11;
				GCC_NO_COMMON_BLOCKS = YES;
				GCC_WARN_64_TO_32_BIT_CONVERSION = YES;
				GCC_WARN_ABOUT_RETURN_TYPE = YES_ERROR;
				GCC_WARN_UNDECLARED_SELECTOR = YES;
				GCC_WARN_UNINITIALIZED_AUTOS = YES_AGGRESSIVE;
				GCC_WARN_UNUSED_FUNCTION = YES;
				GCC_WARN_UNUSED_VARIABLE = YES;
				IPHONEOS_DEPLOYMENT_TARGET = 16.2;
				MTL_ENABLE_DEBUG_INFO = NO;
				MTL_FAST_MATH = YES;
				SDKROOT = iphoneos;
				SWIFT_COMPILATION_MODE = wholemodule;
				SWIFT_OPTIMIZATION_LEVEL = "-O";
				VALIDATE_PRODUCT = YES;
			};
			name = Release;
		};
		1A3A1E842A566F48000B89AE /* Debug */ = {
			isa = XCBuildConfiguration;
			buildSettings = {
				ASSETCATALOG_COMPILER_APPICON_NAME = AppIcon;
				ASSETCATALOG_COMPILER_GLOBAL_ACCENT_COLOR_NAME = AccentColor;
				CODE_SIGN_STYLE = Automatic;
				CURRENT_PROJECT_VERSION = 1;
				DEVELOPMENT_ASSET_PATHS = "\"Chat/Preview Content\"";
				DEVELOPMENT_TEAM = YM62LBZ4XN;
				ENABLE_PREVIEWS = YES;
				GENERATE_INFOPLIST_FILE = YES;
				INFOPLIST_FILE = Chat/Info.plist;
				INFOPLIST_KEY_NSMicrophoneUsageDescription = "Audio is recorded to transcribe the text.";
				INFOPLIST_KEY_UIApplicationSceneManifest_Generation = YES;
				INFOPLIST_KEY_UIApplicationSupportsIndirectInputEvents = YES;
				INFOPLIST_KEY_UILaunchScreen_Generation = YES;
				INFOPLIST_KEY_UISupportedInterfaceOrientations_iPad = "UIInterfaceOrientationPortrait UIInterfaceOrientationPortraitUpsideDown UIInterfaceOrientationLandscapeLeft UIInterfaceOrientationLandscapeRight";
				INFOPLIST_KEY_UISupportedInterfaceOrientations_iPhone = "UIInterfaceOrientationPortrait UIInterfaceOrientationLandscapeLeft UIInterfaceOrientationLandscapeRight";
				LD_RUNPATH_SEARCH_PATHS = (
					"$(inherited)",
					"@executable_path/Frameworks",
				);
				MARKETING_VERSION = 1.0;
				PRODUCT_BUNDLE_IDENTIFIER = dev.ky.Chat;
				PRODUCT_NAME = "$(TARGET_NAME)";
				SWIFT_EMIT_LOC_STRINGS = YES;
				SWIFT_VERSION = 5.0;
				TARGETED_DEVICE_FAMILY = "1,2";
			};
			name = Debug;
		};
		1A3A1E852A566F48000B89AE /* Release */ = {
			isa = XCBuildConfiguration;
			buildSettings = {
				ASSETCATALOG_COMPILER_APPICON_NAME = AppIcon;
				ASSETCATALOG_COMPILER_GLOBAL_ACCENT_COLOR_NAME = AccentColor;
				CODE_SIGN_STYLE = Automatic;
				CURRENT_PROJECT_VERSION = 1;
				DEVELOPMENT_ASSET_PATHS = "\"Chat/Preview Content\"";
				DEVELOPMENT_TEAM = YM62LBZ4XN;
				ENABLE_PREVIEWS = YES;
				GENERATE_INFOPLIST_FILE = YES;
				INFOPLIST_FILE = Chat/Info.plist;
				INFOPLIST_KEY_NSMicrophoneUsageDescription = "Audio is recorded to transcribe the text.";
				INFOPLIST_KEY_UIApplicationSceneManifest_Generation = YES;
				INFOPLIST_KEY_UIApplicationSupportsIndirectInputEvents = YES;
				INFOPLIST_KEY_UILaunchScreen_Generation = YES;
				INFOPLIST_KEY_UISupportedInterfaceOrientations_iPad = "UIInterfaceOrientationPortrait UIInterfaceOrientationPortraitUpsideDown UIInterfaceOrientationLandscapeLeft UIInterfaceOrientationLandscapeRight";
				INFOPLIST_KEY_UISupportedInterfaceOrientations_iPhone = "UIInterfaceOrientationPortrait UIInterfaceOrientationLandscapeLeft UIInterfaceOrientationLandscapeRight";
				LD_RUNPATH_SEARCH_PATHS = (
					"$(inherited)",
					"@executable_path/Frameworks",
				);
				MARKETING_VERSION = 1.0;
				PRODUCT_BUNDLE_IDENTIFIER = dev.ky.Chat;
				PRODUCT_NAME = "$(TARGET_NAME)";
				SWIFT_EMIT_LOC_STRINGS = YES;
				SWIFT_VERSION = 5.0;
				TARGETED_DEVICE_FAMILY = "1,2";
			};
			name = Release;
		};
/* End XCBuildConfiguration section */

/* Begin XCConfigurationList section */
		1A3A1E6B2A566F44000B89AE /* Build configuration list for PBXProject "Chat" */ = {
			isa = XCConfigurationList;
			buildConfigurations = (
				1A3A1E812A566F48000B89AE /* Debug */,
				1A3A1E822A566F48000B89AE /* Release */,
			);
			defaultConfigurationIsVisible = 0;
			defaultConfigurationName = Release;
		};
		1A3A1E832A566F48000B89AE /* Build configuration list for PBXNativeTarget "Chat" */ = {
			isa = XCConfigurationList;
			buildConfigurations = (
				1A3A1E842A566F48000B89AE /* Debug */,
				1A3A1E852A566F48000B89AE /* Release */,
			);
			defaultConfigurationIsVisible = 0;
			defaultConfigurationName = Release;
		};
/* End XCConfigurationList section */

/* Begin XCRemoteSwiftPackageReference section */
		1AFE73312A5BDE9D007BEC55 /* XCRemoteSwiftPackageReference "lottie-ios" */ = {
			isa = XCRemoteSwiftPackageReference;
			repositoryURL = "https://github.com/airbnb/lottie-ios";
			requirement = {
				branch = master;
				kind = branch;
			};
		};
/* End XCRemoteSwiftPackageReference section */

/* Begin XCSwiftPackageProductDependency section */
		1AFE73322A5BDE9D007BEC55 /* Lottie */ = {
			isa = XCSwiftPackageProductDependency;
			package = 1AFE73312A5BDE9D007BEC55 /* XCRemoteSwiftPackageReference "lottie-ios" */;
			productName = Lottie;
		};
/* End XCSwiftPackageProductDependency section */
	};
	rootObject = 1A3A1E682A566F44000B89AE /* Project object */;
}
